
Microsoft Visual Studio Solution File, Format Version 12.00
# Visual Studio Version 16
VisualStudioVersion = 16.0.30011.22
MinimumVisualStudioVersion = 10.0.40219.1
Project("{2150E333-8FDC-42A3-9474-1A3956D46DE8}") = "src", "src", "{467E7FA7-C1B8-4130-9CCA-E82E9983C975}"
EndProject
Project("{2150E333-8FDC-42A3-9474-1A3956D46DE8}") = "Catalog", "Catalog", "{5D48AD52-22C6-4BEB-9D62-98FC3953E078}"
EndProject
Project("{9A19103F-16F7-4668-BE54-9A1E7A4F7556}") = "Catalog.API", "src\Catalog\Catalog.API\Catalog.API.csproj", "{1E6BA82B-5840-4F59-8B34-5088702B66F5}"
EndProject
Project("{E53339B2-1760-4266-BCC7-CA923CBCF16C}") = "docker-compose", "docker-compose.dcproj", "{46ACB435-F42E-4CE3-8311-FAB4449CC17F}"
EndProject
Project("{2150E333-8FDC-42A3-9474-1A3956D46DE8}") = "Basket", "Basket", "{DFD362E6-C211-43A8-A3A7-42D5B4EBBF5C}"
EndProject
Project("{9A19103F-16F7-4668-BE54-9A1E7A4F7556}") = "Basket.API", "src\Basket\Basket.API\Basket.API.csproj", "{AFE7338F-4B21-47A1-815F-86808DD2860F}"
EndProject
Project("{2150E333-8FDC-42A3-9474-1A3956D46DE8}") = "Common", "Common", "{EF684007-E79F-4018-98E8-FD08D289261C}"
EndProject
Project("{9A19103F-16F7-4668-BE54-9A1E7A4F7556}") = "EventBusRabbitMQ", "src\Common\EventBusRabbitMQ\EventBusRabbitMQ.csproj", "{17C96CC4-508A-4473-BD61-993AA45C23B8}"
EndProject
Global
	GlobalSection(SolutionConfigurationPlatforms) = preSolution
		Debug|Any CPU = Debug|Any CPU
		Release|Any CPU = Release|Any CPU
	EndGlobalSection
	GlobalSection(ProjectConfigurationPlatforms) = postSolution
		{1E6BA82B-5840-4F59-8B34-5088702B66F5}.Debug|Any CPU.ActiveCfg = Debug|Any CPU
		{1E6BA82B-5840-4F59-8B34-5088702B66F5}.Debug|Any CPU.Build.0 = Debug|Any CPU
		{1E6BA82B-5840-4F59-8B34-5088702B66F5}.Release|Any CPU.ActiveCfg = Release|Any CPU
		{1E6BA82B-5840-4F59-8B34-5088702B66F5}.Release|Any CPU.Build.0 = Release|Any CPU
		{46ACB435-F42E-4CE3-8311-FAB4449CC17F}.Debug|Any CPU.ActiveCfg = Debug|Any CPU
		{46ACB435-F42E-4CE3-8311-FAB4449CC17F}.Debug|Any CPU.Build.0 = Debug|Any CPU
		{46ACB435-F42E-4CE3-8311-FAB4449CC17F}.Release|Any CPU.ActiveCfg = Release|Any CPU
		{46ACB435-F42E-4CE3-8311-FAB4449CC17F}.Release|Any CPU.Build.0 = Release|Any CPU
		{AFE7338F-4B21-47A1-815F-86808DD2860F}.Debug|Any CPU.ActiveCfg = Debug|Any CPU
		{AFE7338F-4B21-47A1-815F-86808DD2860F}.Debug|Any CPU.Build.0 = Debug|Any CPU
		{AFE7338F-4B21-47A1-815F-86808DD2860F}.Release|Any CPU.ActiveCfg = Release|Any CPU
		{AFE7338F-4B21-47A1-815F-86808DD2860F}.Release|Any CPU.Build.0 = Release|Any CPU
		{17C96CC4-508A-4473-BD61-993AA45C23B8}.Debug|Any CPU.ActiveCfg = Debug|Any CPU
		{17C96CC4-508A-4473-BD61-993AA45C23B8}.Debug|Any CPU.Build.0 = Debug|Any CPU
		{17C96CC4-508A-4473-BD61-993AA45C23B8}.Release|Any CPU.ActiveCfg = Release|Any CPU
		{17C96CC4-508A-4473-BD61-993AA45C23B8}.Release|Any CPU.Build.0 = Release|Any CPU
	EndGlobalSection
	GlobalSection(SolutionProperties) = preSolution
		HideSolutionNode = FALSE
	EndGlobalSection
	GlobalSection(NestedProjects) = preSolution
		{5D48AD52-22C6-4BEB-9D62-98FC3953E078} = {467E7FA7-C1B8-4130-9CCA-E82E9983C975}
		{1E6BA82B-5840-4F59-8B34-5088702B66F5} = {5D48AD52-22C6-4BEB-9D62-98FC3953E078}
		{DFD362E6-C211-43A8-A3A7-42D5B4EBBF5C} = {467E7FA7-C1B8-4130-9CCA-E82E9983C975}
		{AFE7338F-4B21-47A1-815F-86808DD2860F} = {DFD362E6-C211-43A8-A3A7-42D5B4EBBF5C}
		{EF684007-E79F-4018-98E8-FD08D289261C} = {467E7FA7-C1B8-4130-9CCA-E82E9983C975}
		{17C96CC4-508A-4473-BD61-993AA45C23B8} = {EF684007-E79F-4018-98E8-FD08D289261C}
	EndGlobalSection
	GlobalSection(ExtensibilityGlobals) = postSolution
		SolutionGuid = {DFC831A3-C968-4766-AABE-FD81C6869705}
	EndGlobalSection
EndGlobal
